
Microsoft Visual Studio Solution File, Format Version 12.00
# Visual Studio 2013
VisualStudioVersion = 12.0.30723.0
MinimumVisualStudioVersion = 10.0.40219.1
Project("{FAE04EC0-301F-11D3-BF4B-00C04F79EFBC}") = "crypt.encoders", "src\crypt.encoders\crypt.encoders.csproj", "{D02BFB1B-0D75-4C4B-9DF7-3760FC7A0046}"
EndProject
Project("{FAE04EC0-301F-11D3-BF4B-00C04F79EFBC}") = "crypt.core", "src\crypt.core\crypt.core.csproj", "{B8B70DBF-F383-4285-BE0D-2948AA847B0E}"
EndProject
Project("{FAE04EC0-301F-11D3-BF4B-00C04F79EFBC}") = "crypt.windows", "src\crypt.windows\crypt.windows.csproj", "{90C905BF-40CE-4F36-AF0F-5466E730079F}"
EndProject
Project("{FAE04EC0-301F-11D3-BF4B-00C04F79EFBC}") = "crypt.console", "src\crypt.console\crypt.console.csproj", "{4CED9EB4-CD48-4B03-BED6-9922391B899F}"
EndProject
Project("{2150E333-8FDC-42A3-9474-1A3956D46DE8}") = "etc", "etc", "{411F00E7-5240-4321-9ACB-F66DE68733A7}"
	ProjectSection(SolutionItems) = preProject
		package.json = package.json
		yuidoc.json = yuidoc.json
	EndProjectSection
EndProject
Project("{2150E333-8FDC-42A3-9474-1A3956D46DE8}") = "bin", "bin", "{269A3AF3-ACF8-4CD7-B91F-BEC98664EB75}"
	ProjectSection(SolutionItems) = preProject
		bin\make.cmd = bin\make.cmd
		bin\make.js = bin\make.js
	EndProjectSection
EndProject
Project("{2150E333-8FDC-42A3-9474-1A3956D46DE8}") = "doc", "doc", "{C5A748D9-9973-40D3-BE09-7F6A8AEBF8D6}"
	ProjectSection(SolutionItems) = preProject
		AUTHORS.txt = AUTHORS.txt
		LICENSE.txt = LICENSE.txt
		README.md = README.md
	EndProjectSection
EndProject
Global
	GlobalSection(SolutionConfigurationPlatforms) = preSolution
		Debug|Any CPU = Debug|Any CPU
		Release|Any CPU = Release|Any CPU
	EndGlobalSection
	GlobalSection(ProjectConfigurationPlatforms) = postSolution
		{D02BFB1B-0D75-4C4B-9DF7-3760FC7A0046}.Debug|Any CPU.ActiveCfg = Debug|Any CPU
		{D02BFB1B-0D75-4C4B-9DF7-3760FC7A0046}.Debug|Any CPU.Build.0 = Debug|Any CPU
		{D02BFB1B-0D75-4C4B-9DF7-3760FC7A0046}.Release|Any CPU.ActiveCfg = Release|Any CPU
		{D02BFB1B-0D75-4C4B-9DF7-3760FC7A0046}.Release|Any CPU.Build.0 = Release|Any CPU
		{B8B70DBF-F383-4285-BE0D-2948AA847B0E}.Debug|Any CPU.ActiveCfg = Debug|Any CPU
		{B8B70DBF-F383-4285-BE0D-2948AA847B0E}.Debug|Any CPU.Build.0 = Debug|Any CPU
		{B8B70DBF-F383-4285-BE0D-2948AA847B0E}.Release|Any CPU.ActiveCfg = Release|Any CPU
		{B8B70DBF-F383-4285-BE0D-2948AA847B0E}.Release|Any CPU.Build.0 = Release|Any CPU
		{90C905BF-40CE-4F36-AF0F-5466E730079F}.Debug|Any CPU.ActiveCfg = Debug|Any CPU
		{90C905BF-40CE-4F36-AF0F-5466E730079F}.Debug|Any CPU.Build.0 = Debug|Any CPU
		{90C905BF-40CE-4F36-AF0F-5466E730079F}.Release|Any CPU.ActiveCfg = Release|Any CPU
		{90C905BF-40CE-4F36-AF0F-5466E730079F}.Release|Any CPU.Build.0 = Release|Any CPU
		{4CED9EB4-CD48-4B03-BED6-9922391B899F}.Debug|Any CPU.ActiveCfg = Debug|Any CPU
		{4CED9EB4-CD48-4B03-BED6-9922391B899F}.Debug|Any CPU.Build.0 = Debug|Any CPU
		{4CED9EB4-CD48-4B03-BED6-9922391B899F}.Release|Any CPU.ActiveCfg = Release|Any CPU
		{4CED9EB4-CD48-4B03-BED6-9922391B899F}.Release|Any CPU.Build.0 = Release|Any CPU
	EndGlobalSection
	GlobalSection(SolutionProperties) = preSolution
		HideSolutionNode = FALSE
	EndGlobalSection
EndGlobal
